
Microsoft Visual Studio Solution File, Format Version 12.00
# Visual Studio Version 16
VisualStudioVersion = 16.0.30002.166
MinimumVisualStudioVersion = 10.0.40219.1
Project("{8BC9CEB8-8B4A-11D0-8D11-00A0C91BC942}") = "Cesar", "Cesar\Cesar.vcxproj", "{536791FF-43DD-49E9-A25E-26F5272E531F}"
EndProject
Global
	GlobalSection(SolutionConfigurationPlatforms) = preSolution
		Debug|x64 = Debug|x64
		Debug|x86 = Debug|x86
		Release|x64 = Release|x64
		Release|x86 = Release|x86
	EndGlobalSection
	GlobalSection(ProjectConfigurationPlatforms) = postSolution
		{536791FF-43DD-49E9-A25E-26F5272E531F}.Debug|x64.ActiveCfg = Debug|x64
		{536791FF-43DD-49E9-A25E-26F5272E531F}.Debug|x64.Build.0 = Debug|x64
		{536791FF-43DD-49E9-A25E-26F5272E531F}.Debug|x86.ActiveCfg = Debug|Win32
		{536791FF-43DD-49E9-A25E-26F5272E531F}.Debug|x86.Build.0 = Debug|Win32
		{536791FF-43DD-49E9-A25E-26F5272E531F}.Release|x64.ActiveCfg = Release|x64
		{536791FF-43DD-49E9-A25E-26F5272E531F}.Release|x64.Build.0 = Release|x64
		{536791FF-43DD-49E9-A25E-26F5272E531F}.Release|x86.ActiveCfg = Release|Win32
		{536791FF-43DD-49E9-A25E-26F5272E531F}.Release|x86.Build.0 = Release|Win32
	EndGlobalSection
	GlobalSection(SolutionProperties) = preSolution
		HideSolutionNode = FALSE
	EndGlobalSection
	GlobalSection(ExtensibilityGlobals) = postSolution
		SolutionGuid = {C3F742FA-DB09-440F-9A0E-5C88246BD162}
	EndGlobalSection
EndGlobal
